// !$*UTF8*$!
{
	archiveVersion = 1;
	classes = {
	};
	objectVersion = 48;
	objects = {

/* Begin PBXBuildFile section */
		50655C76587227F1E7A0F518 /* Pods_GreatSpeechUITests.framework in Frameworks */ = {isa = PBXBuildFile; fileRef = 1323C6E60CF558451F17F2D3 /* Pods_GreatSpeechUITests.framework */; };
		908349FDE29F179256B3D733 /* Pods_GreatSpeech.framework in Frameworks */ = {isa = PBXBuildFile; fileRef = DD194D021FFA149BF6FC4CD2 /* Pods_GreatSpeech.framework */; };
		E31022E8201C63A30048DB61 /* AppDelegate.swift in Sources */ = {isa = PBXBuildFile; fileRef = E31022E7201C63A30048DB61 /* AppDelegate.swift */; };
		E31022EA201C63A30048DB61 /* FirstVC.swift in Sources */ = {isa = PBXBuildFile; fileRef = E31022E9201C63A30048DB61 /* FirstVC.swift */; };
		E31022EF201C63A30048DB61 /* Assets.xcassets in Resources */ = {isa = PBXBuildFile; fileRef = E31022EE201C63A30048DB61 /* Assets.xcassets */; };
		E31022F2201C63A30048DB61 /* LaunchScreen.storyboard in Resources */ = {isa = PBXBuildFile; fileRef = E31022F0201C63A30048DB61 /* LaunchScreen.storyboard */; };
		E31022FD201C63A30048DB61 /* GreatSpeechTests.swift in Sources */ = {isa = PBXBuildFile; fileRef = E31022FC201C63A30048DB61 /* GreatSpeechTests.swift */; };
		E3102308201C63A30048DB61 /* GreatSpeechUITests.swift in Sources */ = {isa = PBXBuildFile; fileRef = E3102307201C63A30048DB61 /* GreatSpeechUITests.swift */; };
		E310231D201C903A0048DB61 /* TabBarVC.swift in Sources */ = {isa = PBXBuildFile; fileRef = E310231C201C903A0048DB61 /* TabBarVC.swift */; };
		E310231F201C94A00048DB61 /* AnalyzingFillerVC.swift in Sources */ = {isa = PBXBuildFile; fileRef = E310231E201C94A00048DB61 /* AnalyzingFillerVC.swift */; };
		F0A9F5E68D2EF94C40648433 /* Pods_GreatSpeechTests.framework in Frameworks */ = {isa = PBXBuildFile; fileRef = 1F119E877C904AC51F697E63 /* Pods_GreatSpeechTests.framework */; };
/* End PBXBuildFile section */

/* Begin PBXContainerItemProxy section */
		E31022F9201C63A30048DB61 /* PBXContainerItemProxy */ = {
			isa = PBXContainerItemProxy;
			containerPortal = E31022DC201C63A30048DB61 /* Project object */;
			proxyType = 1;
			remoteGlobalIDString = E31022E3201C63A30048DB61;
			remoteInfo = GreatSpeech;
		};
		E3102304201C63A30048DB61 /* PBXContainerItemProxy */ = {
			isa = PBXContainerItemProxy;
			containerPortal = E31022DC201C63A30048DB61 /* Project object */;
			proxyType = 1;
			remoteGlobalIDString = E31022E3201C63A30048DB61;
			remoteInfo = GreatSpeech;
		};
/* End PBXContainerItemProxy section */

/* Begin PBXFileReference section */
		0537E95EE91375D6C912813D /* Pods-GreatSpeechTests.debug.xcconfig */ = {isa = PBXFileReference; includeInIndex = 1; lastKnownFileType = text.xcconfig; name = "Pods-GreatSpeechTests.debug.xcconfig"; path = "Pods/Target Support Files/Pods-GreatSpeechTests/Pods-GreatSpeechTests.debug.xcconfig"; sourceTree = "<group>"; };
		1323C6E60CF558451F17F2D3 /* Pods_GreatSpeechUITests.framework */ = {isa = PBXFileReference; explicitFileType = wrapper.framework; includeInIndex = 0; path = Pods_GreatSpeechUITests.framework; sourceTree = BUILT_PRODUCTS_DIR; };
		1F119E877C904AC51F697E63 /* Pods_GreatSpeechTests.framework */ = {isa = PBXFileReference; explicitFileType = wrapper.framework; includeInIndex = 0; path = Pods_GreatSpeechTests.framework; sourceTree = BUILT_PRODUCTS_DIR; };
		6786AE987B6DDF2994659CAE /* Pods-GreatSpeech.release.xcconfig */ = {isa = PBXFileReference; includeInIndex = 1; lastKnownFileType = text.xcconfig; name = "Pods-GreatSpeech.release.xcconfig"; path = "Pods/Target Support Files/Pods-GreatSpeech/Pods-GreatSpeech.release.xcconfig"; sourceTree = "<group>"; };
		A4B15829924C40BFAD3723F1 /* Pods-GreatSpeechTests.release.xcconfig */ = {isa = PBXFileReference; includeInIndex = 1; lastKnownFileType = text.xcconfig; name = "Pods-GreatSpeechTests.release.xcconfig"; path = "Pods/Target Support Files/Pods-GreatSpeechTests/Pods-GreatSpeechTests.release.xcconfig"; sourceTree = "<group>"; };
		A53D39242AB0921A7616661F /* Pods-GreatSpeech.debug.xcconfig */ = {isa = PBXFileReference; includeInIndex = 1; lastKnownFileType = text.xcconfig; name = "Pods-GreatSpeech.debug.xcconfig"; path = "Pods/Target Support Files/Pods-GreatSpeech/Pods-GreatSpeech.debug.xcconfig"; sourceTree = "<group>"; };
		A83CBE999CD2B28E0D72A398 /* Pods-GreatSpeechUITests.debug.xcconfig */ = {isa = PBXFileReference; includeInIndex = 1; lastKnownFileType = text.xcconfig; name = "Pods-GreatSpeechUITests.debug.xcconfig"; path = "Pods/Target Support Files/Pods-GreatSpeechUITests/Pods-GreatSpeechUITests.debug.xcconfig"; sourceTree = "<group>"; };
		D2CEBCE47C2519C5C6ABE699 /* Pods-GreatSpeechUITests.release.xcconfig */ = {isa = PBXFileReference; includeInIndex = 1; lastKnownFileType = text.xcconfig; name = "Pods-GreatSpeechUITests.release.xcconfig"; path = "Pods/Target Support Files/Pods-GreatSpeechUITests/Pods-GreatSpeechUITests.release.xcconfig"; sourceTree = "<group>"; };
		DD194D021FFA149BF6FC4CD2 /* Pods_GreatSpeech.framework */ = {isa = PBXFileReference; explicitFileType = wrapper.framework; includeInIndex = 0; path = Pods_GreatSpeech.framework; sourceTree = BUILT_PRODUCTS_DIR; };
		E31022E4201C63A30048DB61 /* GreatSpeech.app */ = {isa = PBXFileReference; explicitFileType = wrapper.application; includeInIndex = 0; path = GreatSpeech.app; sourceTree = BUILT_PRODUCTS_DIR; };
		E31022E7201C63A30048DB61 /* AppDelegate.swift */ = {isa = PBXFileReference; lastKnownFileType = sourcecode.swift; path = AppDelegate.swift; sourceTree = "<group>"; };
		E31022E9201C63A30048DB61 /* FirstVC.swift */ = {isa = PBXFileReference; lastKnownFileType = sourcecode.swift; path = FirstVC.swift; sourceTree = "<group>"; };
		E31022EE201C63A30048DB61 /* Assets.xcassets */ = {isa = PBXFileReference; lastKnownFileType = folder.assetcatalog; path = Assets.xcassets; sourceTree = "<group>"; };
		E31022F1201C63A30048DB61 /* Base */ = {isa = PBXFileReference; lastKnownFileType = file.storyboard; name = Base; path = Base.lproj/LaunchScreen.storyboard; sourceTree = "<group>"; };
		E31022F3201C63A30048DB61 /* Info.plist */ = {isa = PBXFileReference; lastKnownFileType = text.plist.xml; path = Info.plist; sourceTree = "<group>"; };
		E31022F8201C63A30048DB61 /* GreatSpeechTests.xctest */ = {isa = PBXFileReference; explicitFileType = wrapper.cfbundle; includeInIndex = 0; path = GreatSpeechTests.xctest; sourceTree = BUILT_PRODUCTS_DIR; };
		E31022FC201C63A30048DB61 /* GreatSpeechTests.swift */ = {isa = PBXFileReference; lastKnownFileType = sourcecode.swift; path = GreatSpeechTests.swift; sourceTree = "<group>"; };
		E31022FE201C63A30048DB61 /* Info.plist */ = {isa = PBXFileReference; lastKnownFileType = text.plist.xml; path = Info.plist; sourceTree = "<group>"; };
		E3102303201C63A30048DB61 /* GreatSpeechUITests.xctest */ = {isa = PBXFileReference; explicitFileType = wrapper.cfbundle; includeInIndex = 0; path = GreatSpeechUITests.xctest; sourceTree = BUILT_PRODUCTS_DIR; };
		E3102307201C63A30048DB61 /* GreatSpeechUITests.swift */ = {isa = PBXFileReference; lastKnownFileType = sourcecode.swift; path = GreatSpeechUITests.swift; sourceTree = "<group>"; };
		E3102309201C63A30048DB61 /* Info.plist */ = {isa = PBXFileReference; lastKnownFileType = text.plist.xml; path = Info.plist; sourceTree = "<group>"; };
		E310231C201C903A0048DB61 /* TabBarVC.swift */ = {isa = PBXFileReference; lastKnownFileType = sourcecode.swift; path = TabBarVC.swift; sourceTree = "<group>"; };
		E310231E201C94A00048DB61 /* AnalyzingFillerVC.swift */ = {isa = PBXFileReference; lastKnownFileType = sourcecode.swift; path = AnalyzingFillerVC.swift; sourceTree = "<group>"; };
/* End PBXFileReference section */

/* Begin PBXFrameworksBuildPhase section */
		E31022E1201C63A30048DB61 /* Frameworks */ = {
			isa = PBXFrameworksBuildPhase;
			buildActionMask = 2147483647;
			files = (
				908349FDE29F179256B3D733 /* Pods_GreatSpeech.framework in Frameworks */,
			);
			runOnlyForDeploymentPostprocessing = 0;
		};
		E31022F5201C63A30048DB61 /* Frameworks */ = {
			isa = PBXFrameworksBuildPhase;
			buildActionMask = 2147483647;
			files = (
				F0A9F5E68D2EF94C40648433 /* Pods_GreatSpeechTests.framework in Frameworks */,
			);
			runOnlyForDeploymentPostprocessing = 0;
		};
		E3102300201C63A30048DB61 /* Frameworks */ = {
			isa = PBXFrameworksBuildPhase;
			buildActionMask = 2147483647;
			files = (
				50655C76587227F1E7A0F518 /* Pods_GreatSpeechUITests.framework in Frameworks */,
			);
			runOnlyForDeploymentPostprocessing = 0;
		};
/* End PBXFrameworksBuildPhase section */

/* Begin PBXGroup section */
		65298652FBB29BA18E3483A5 /* Pods */ = {
			isa = PBXGroup;
			children = (
				A53D39242AB0921A7616661F /* Pods-GreatSpeech.debug.xcconfig */,
				6786AE987B6DDF2994659CAE /* Pods-GreatSpeech.release.xcconfig */,
				0537E95EE91375D6C912813D /* Pods-GreatSpeechTests.debug.xcconfig */,
				A4B15829924C40BFAD3723F1 /* Pods-GreatSpeechTests.release.xcconfig */,
				A83CBE999CD2B28E0D72A398 /* Pods-GreatSpeechUITests.debug.xcconfig */,
				D2CEBCE47C2519C5C6ABE699 /* Pods-GreatSpeechUITests.release.xcconfig */,
			);
			name = Pods;
			sourceTree = "<group>";
		};
		E31022DB201C63A30048DB61 = {
			isa = PBXGroup;
			children = (
				E31022E6201C63A30048DB61 /* GreatSpeech */,
				E31022FB201C63A30048DB61 /* GreatSpeechTests */,
				E3102306201C63A30048DB61 /* GreatSpeechUITests */,
				E31022E5201C63A30048DB61 /* Products */,
				65298652FBB29BA18E3483A5 /* Pods */,
				F15978197AD298B674955022 /* Frameworks */,
			);
			sourceTree = "<group>";
		};
		E31022E5201C63A30048DB61 /* Products */ = {
			isa = PBXGroup;
			children = (
				E31022E4201C63A30048DB61 /* GreatSpeech.app */,
				E31022F8201C63A30048DB61 /* GreatSpeechTests.xctest */,
				E3102303201C63A30048DB61 /* GreatSpeechUITests.xctest */,
			);
			name = Products;
			sourceTree = "<group>";
		};
		E31022E6201C63A30048DB61 /* GreatSpeech */ = {
			isa = PBXGroup;
			children = (
				E3102319201C64280048DB61 /* Supporting files */,
				E3102317201C63D90048DB61 /* Models */,
				E3102316201C63D00048DB61 /* Views */,
				E3102315201C63C70048DB61 /* Controllers */,
			);
			path = GreatSpeech;
			sourceTree = "<group>";
		};
		E31022FB201C63A30048DB61 /* GreatSpeechTests */ = {
			isa = PBXGroup;
			children = (
				E31022FC201C63A30048DB61 /* GreatSpeechTests.swift */,
				E31022FE201C63A30048DB61 /* Info.plist */,
			);
			path = GreatSpeechTests;
			sourceTree = "<group>";
		};
		E3102306201C63A30048DB61 /* GreatSpeechUITests */ = {
			isa = PBXGroup;
			children = (
				E3102307201C63A30048DB61 /* GreatSpeechUITests.swift */,
				E3102309201C63A30048DB61 /* Info.plist */,
			);
			path = GreatSpeechUITests;
			sourceTree = "<group>";
		};
		E3102315201C63C70048DB61 /* Controllers */ = {
			isa = PBXGroup;
			children = (
				E31022E9201C63A30048DB61 /* FirstVC.swift */,
				E310231C201C903A0048DB61 /* TabBarVC.swift */,
				E310231E201C94A00048DB61 /* AnalyzingFillerVC.swift */,
			);
			path = Controllers;
			sourceTree = "<group>";
		};
		E3102316201C63D00048DB61 /* Views */ = {
			isa = PBXGroup;
			children = (
			);
			path = Views;
			sourceTree = "<group>";
		};
		E3102317201C63D90048DB61 /* Models */ = {
			isa = PBXGroup;
			children = (
			);
			path = Models;
			sourceTree = "<group>";
		};
		E3102319201C64280048DB61 /* Supporting files */ = {
			isa = PBXGroup;
			children = (
				E31022E7201C63A30048DB61 /* AppDelegate.swift */,
				E31022EE201C63A30048DB61 /* Assets.xcassets */,
				E31022F0201C63A30048DB61 /* LaunchScreen.storyboard */,
				E31022F3201C63A30048DB61 /* Info.plist */,
			);
			path = "Supporting files";
			sourceTree = "<group>";
		};
		F15978197AD298B674955022 /* Frameworks */ = {
			isa = PBXGroup;
			children = (
				DD194D021FFA149BF6FC4CD2 /* Pods_GreatSpeech.framework */,
				1F119E877C904AC51F697E63 /* Pods_GreatSpeechTests.framework */,
				1323C6E60CF558451F17F2D3 /* Pods_GreatSpeechUITests.framework */,
			);
			name = Frameworks;
			sourceTree = "<group>";
		};
/* End PBXGroup section */

/* Begin PBXNativeTarget section */
		E31022E3201C63A30048DB61 /* GreatSpeech */ = {
			isa = PBXNativeTarget;
			buildConfigurationList = E310230C201C63A30048DB61 /* Build configuration list for PBXNativeTarget "GreatSpeech" */;
			buildPhases = (
				014A50F68C327FC7E1B867B7 /* [CP] Check Pods Manifest.lock */,
				E31022E0201C63A30048DB61 /* Sources */,
				E31022E1201C63A30048DB61 /* Frameworks */,
				E31022E2201C63A30048DB61 /* Resources */,
				7966068D758343948C050067 /* [CP] Embed Pods Frameworks */,
				3D6B92886B5742948E234086 /* [CP] Copy Pods Resources */,
			);
			buildRules = (
			);
			dependencies = (
			);
			name = GreatSpeech;
			productName = GreatSpeech;
			productReference = E31022E4201C63A30048DB61 /* GreatSpeech.app */;
			productType = "com.apple.product-type.application";
		};
		E31022F7201C63A30048DB61 /* GreatSpeechTests */ = {
			isa = PBXNativeTarget;
			buildConfigurationList = E310230F201C63A30048DB61 /* Build configuration list for PBXNativeTarget "GreatSpeechTests" */;
			buildPhases = (
				D66D811FF293205D5A30AC63 /* [CP] Check Pods Manifest.lock */,
				E31022F4201C63A30048DB61 /* Sources */,
				E31022F5201C63A30048DB61 /* Frameworks */,
				E31022F6201C63A30048DB61 /* Resources */,
				440A60355572CFD2FA3E744B /* [CP] Embed Pods Frameworks */,
				1DB2C4DFC16CCE23F1311E44 /* [CP] Copy Pods Resources */,
			);
			buildRules = (
			);
			dependencies = (
				E31022FA201C63A30048DB61 /* PBXTargetDependency */,
			);
			name = GreatSpeechTests;
			productName = GreatSpeechTests;
			productReference = E31022F8201C63A30048DB61 /* GreatSpeechTests.xctest */;
			productType = "com.apple.product-type.bundle.unit-test";
		};
		E3102302201C63A30048DB61 /* GreatSpeechUITests */ = {
			isa = PBXNativeTarget;
			buildConfigurationList = E3102312201C63A30048DB61 /* Build configuration list for PBXNativeTarget "GreatSpeechUITests" */;
			buildPhases = (
				DAA1B5CB8812D0062ECBE094 /* [CP] Check Pods Manifest.lock */,
				E31022FF201C63A30048DB61 /* Sources */,
				E3102300201C63A30048DB61 /* Frameworks */,
				E3102301201C63A30048DB61 /* Resources */,
				77A43FF9F4369C04AFE5C32E /* [CP] Embed Pods Frameworks */,
				54488640772A04E54F0CE452 /* [CP] Copy Pods Resources */,
			);
			buildRules = (
			);
			dependencies = (
				E3102305201C63A30048DB61 /* PBXTargetDependency */,
			);
			name = GreatSpeechUITests;
			productName = GreatSpeechUITests;
			productReference = E3102303201C63A30048DB61 /* GreatSpeechUITests.xctest */;
			productType = "com.apple.product-type.bundle.ui-testing";
		};
/* End PBXNativeTarget section */

/* Begin PBXProject section */
		E31022DC201C63A30048DB61 /* Project object */ = {
			isa = PBXProject;
			attributes = {
				LastSwiftUpdateCheck = 0920;
				LastUpgradeCheck = 0920;
				ORGANIZATIONNAME = "NextStep Labs";
				TargetAttributes = {
					E31022E3201C63A30048DB61 = {
						CreatedOnToolsVersion = 9.2;
						ProvisioningStyle = Automatic;
					};
					E31022F7201C63A30048DB61 = {
						CreatedOnToolsVersion = 9.2;
						ProvisioningStyle = Automatic;
						TestTargetID = E31022E3201C63A30048DB61;
					};
					E3102302201C63A30048DB61 = {
						CreatedOnToolsVersion = 9.2;
						ProvisioningStyle = Automatic;
						TestTargetID = E31022E3201C63A30048DB61;
					};
				};
			};
			buildConfigurationList = E31022DF201C63A30048DB61 /* Build configuration list for PBXProject "GreatSpeech" */;
			compatibilityVersion = "Xcode 8.0";
			developmentRegion = en;
			hasScannedForEncodings = 0;
			knownRegions = (
				en,
				Base,
			);
			mainGroup = E31022DB201C63A30048DB61;
			productRefGroup = E31022E5201C63A30048DB61 /* Products */;
			projectDirPath = "";
			projectRoot = "";
			targets = (
				E31022E3201C63A30048DB61 /* GreatSpeech */,
				E31022F7201C63A30048DB61 /* GreatSpeechTests */,
				E3102302201C63A30048DB61 /* GreatSpeechUITests */,
			);
		};
/* End PBXProject section */

/* Begin PBXResourcesBuildPhase section */
		E31022E2201C63A30048DB61 /* Resources */ = {
			isa = PBXResourcesBuildPhase;
			buildActionMask = 2147483647;
			files = (
				E31022F2201C63A30048DB61 /* LaunchScreen.storyboard in Resources */,
				E31022EF201C63A30048DB61 /* Assets.xcassets in Resources */,
			);
			runOnlyForDeploymentPostprocessing = 0;
		};
		E31022F6201C63A30048DB61 /* Resources */ = {
			isa = PBXResourcesBuildPhase;
			buildActionMask = 2147483647;
			files = (
			);
			runOnlyForDeploymentPostprocessing = 0;
		};
		E3102301201C63A30048DB61 /* Resources */ = {
			isa = PBXResourcesBuildPhase;
			buildActionMask = 2147483647;
			files = (
			);
			runOnlyForDeploymentPostprocessing = 0;
		};
/* End PBXResourcesBuildPhase section */

/* Begin PBXShellScriptBuildPhase section */
		014A50F68C327FC7E1B867B7 /* [CP] Check Pods Manifest.lock */ = {
			isa = PBXShellScriptBuildPhase;
			buildActionMask = 2147483647;
			files = (
			);
			inputPaths = (
			);
			name = "[CP] Check Pods Manifest.lock";
			outputPaths = (
			);
			runOnlyForDeploymentPostprocessing = 0;
			shellPath = /bin/sh;
			shellScript = "diff \"${PODS_ROOT}/../Podfile.lock\" \"${PODS_ROOT}/Manifest.lock\" > /dev/null\nif [ $? != 0 ] ; then\n    # print error to STDERR\n    echo \"error: The sandbox is not in sync with the Podfile.lock. Run 'pod install' or update your CocoaPods installation.\" >&2\n    exit 1\nfi\n";
			showEnvVarsInLog = 0;
		};
		1DB2C4DFC16CCE23F1311E44 /* [CP] Copy Pods Resources */ = {
			isa = PBXShellScriptBuildPhase;
			buildActionMask = 2147483647;
			files = (
			);
			inputPaths = (
			);
			name = "[CP] Copy Pods Resources";
			outputPaths = (
			);
			runOnlyForDeploymentPostprocessing = 0;
			shellPath = /bin/sh;
			shellScript = "\"${SRCROOT}/Pods/Target Support Files/Pods-GreatSpeechTests/Pods-GreatSpeechTests-resources.sh\"\n";
			showEnvVarsInLog = 0;
		};
		3D6B92886B5742948E234086 /* [CP] Copy Pods Resources */ = {
			isa = PBXShellScriptBuildPhase;
			buildActionMask = 2147483647;
			files = (
			);
			inputPaths = (
			);
			name = "[CP] Copy Pods Resources";
			outputPaths = (
			);
			runOnlyForDeploymentPostprocessing = 0;
			shellPath = /bin/sh;
			shellScript = "\"${SRCROOT}/Pods/Target Support Files/Pods-GreatSpeech/Pods-GreatSpeech-resources.sh\"\n";
			showEnvVarsInLog = 0;
		};
		440A60355572CFD2FA3E744B /* [CP] Embed Pods Frameworks */ = {
			isa = PBXShellScriptBuildPhase;
			buildActionMask = 2147483647;
			files = (
			);
			inputPaths = (
			);
			name = "[CP] Embed Pods Frameworks";
			outputPaths = (
			);
			runOnlyForDeploymentPostprocessing = 0;
			shellPath = /bin/sh;
			shellScript = "\"${SRCROOT}/Pods/Target Support Files/Pods-GreatSpeechTests/Pods-GreatSpeechTests-frameworks.sh\"\n";
			showEnvVarsInLog = 0;
		};
		54488640772A04E54F0CE452 /* [CP] Copy Pods Resources */ = {
			isa = PBXShellScriptBuildPhase;
			buildActionMask = 2147483647;
			files = (
			);
			inputPaths = (
			);
			name = "[CP] Copy Pods Resources";
			outputPaths = (
			);
			runOnlyForDeploymentPostprocessing = 0;
			shellPath = /bin/sh;
			shellScript = "\"${SRCROOT}/Pods/Target Support Files/Pods-GreatSpeechUITests/Pods-GreatSpeechUITests-resources.sh\"\n";
			showEnvVarsInLog = 0;
		};
		77A43FF9F4369C04AFE5C32E /* [CP] Embed Pods Frameworks */ = {
			isa = PBXShellScriptBuildPhase;
			buildActionMask = 2147483647;
			files = (
			);
			inputPaths = (
			);
			name = "[CP] Embed Pods Frameworks";
			outputPaths = (
			);
			runOnlyForDeploymentPostprocessing = 0;
			shellPath = /bin/sh;
			shellScript = "\"${SRCROOT}/Pods/Target Support Files/Pods-GreatSpeechUITests/Pods-GreatSpeechUITests-frameworks.sh\"\n";
			showEnvVarsInLog = 0;
		};
		7966068D758343948C050067 /* [CP] Embed Pods Frameworks */ = {
			isa = PBXShellScriptBuildPhase;
			buildActionMask = 2147483647;
			files = (
			);
			inputPaths = (
			);
			name = "[CP] Embed Pods Frameworks";
			outputPaths = (
			);
			runOnlyForDeploymentPostprocessing = 0;
			shellPath = /bin/sh;
			shellScript = "\"${SRCROOT}/Pods/Target Support Files/Pods-GreatSpeech/Pods-GreatSpeech-frameworks.sh\"\n";
			showEnvVarsInLog = 0;
		};
		D66D811FF293205D5A30AC63 /* [CP] Check Pods Manifest.lock */ = {
			isa = PBXShellScriptBuildPhase;
			buildActionMask = 2147483647;
			files = (
			);
			inputPaths = (
			);
			name = "[CP] Check Pods Manifest.lock";
			outputPaths = (
			);
			runOnlyForDeploymentPostprocessing = 0;
			shellPath = /bin/sh;
			shellScript = "diff \"${PODS_ROOT}/../Podfile.lock\" \"${PODS_ROOT}/Manifest.lock\" > /dev/null\nif [ $? != 0 ] ; then\n    # print error to STDERR\n    echo \"error: The sandbox is not in sync with the Podfile.lock. Run 'pod install' or update your CocoaPods installation.\" >&2\n    exit 1\nfi\n";
			showEnvVarsInLog = 0;
		};
		DAA1B5CB8812D0062ECBE094 /* [CP] Check Pods Manifest.lock */ = {
			isa = PBXShellScriptBuildPhase;
			buildActionMask = 2147483647;
			files = (
			);
			inputPaths = (
			);
			name = "[CP] Check Pods Manifest.lock";
			outputPaths = (
			);
			runOnlyForDeploymentPostprocessing = 0;
			shellPath = /bin/sh;
			shellScript = "diff \"${PODS_ROOT}/../Podfile.lock\" \"${PODS_ROOT}/Manifest.lock\" > /dev/null\nif [ $? != 0 ] ; then\n    # print error to STDERR\n    echo \"error: The sandbox is not in sync with the Podfile.lock. Run 'pod install' or update your CocoaPods installation.\" >&2\n    exit 1\nfi\n";
			showEnvVarsInLog = 0;
		};
/* End PBXShellScriptBuildPhase section */

/* Begin PBXSourcesBuildPhase section */
		E31022E0201C63A30048DB61 /* Sources */ = {
			isa = PBXSourcesBuildPhase;
			buildActionMask = 2147483647;
			files = (
				E31022EA201C63A30048DB61 /* FirstVC.swift in Sources */,
				E310231D201C903A0048DB61 /* TabBarVC.swift in Sources */,
				E310231F201C94A00048DB61 /* AnalyzingFillerVC.swift in Sources */,
				E31022E8201C63A30048DB61 /* AppDelegate.swift in Sources */,
			);
			runOnlyForDeploymentPostprocessing = 0;
		};
		E31022F4201C63A30048DB61 /* Sources */ = {
			isa = PBXSourcesBuildPhase;
			buildActionMask = 2147483647;
			files = (
				E31022FD201C63A30048DB61 /* GreatSpeechTests.swift in Sources */,
			);
			runOnlyForDeploymentPostprocessing = 0;
		};
		E31022FF201C63A30048DB61 /* Sources */ = {
			isa = PBXSourcesBuildPhase;
			buildActionMask = 2147483647;
			files = (
				E3102308201C63A30048DB61 /* GreatSpeechUITests.swift in Sources */,
			);
			runOnlyForDeploymentPostprocessing = 0;
		};
/* End PBXSourcesBuildPhase section */

/* Begin PBXTargetDependency section */
		E31022FA201C63A30048DB61 /* PBXTargetDependency */ = {
			isa = PBXTargetDependency;
			target = E31022E3201C63A30048DB61 /* GreatSpeech */;
			targetProxy = E31022F9201C63A30048DB61 /* PBXContainerItemProxy */;
		};
		E3102305201C63A30048DB61 /* PBXTargetDependency */ = {
			isa = PBXTargetDependency;
			target = E31022E3201C63A30048DB61 /* GreatSpeech */;
			targetProxy = E3102304201C63A30048DB61 /* PBXContainerItemProxy */;
		};
/* End PBXTargetDependency section */

/* Begin PBXVariantGroup section */
		E31022F0201C63A30048DB61 /* LaunchScreen.storyboard */ = {
			isa = PBXVariantGroup;
			children = (
				E31022F1201C63A30048DB61 /* Base */,
			);
			name = LaunchScreen.storyboard;
			sourceTree = "<group>";
		};
/* End PBXVariantGroup section */

/* Begin XCBuildConfiguration section */
		E310230A201C63A30048DB61 /* Debug */ = {
			isa = XCBuildConfiguration;
			buildSettings = {
				ALWAYS_SEARCH_USER_PATHS = NO;
				CLANG_ANALYZER_NONNULL = YES;
				CLANG_ANALYZER_NUMBER_OBJECT_CONVERSION = YES_AGGRESSIVE;
				CLANG_CXX_LANGUAGE_STANDARD = "gnu++14";
				CLANG_CXX_LIBRARY = "libc++";
				CLANG_ENABLE_MODULES = YES;
				CLANG_ENABLE_OBJC_ARC = YES;
				CLANG_WARN_BLOCK_CAPTURE_AUTORELEASING = YES;
				CLANG_WARN_BOOL_CONVERSION = YES;
				CLANG_WARN_COMMA = YES;
				CLANG_WARN_CONSTANT_CONVERSION = YES;
				CLANG_WARN_DIRECT_OBJC_ISA_USAGE = YES_ERROR;
				CLANG_WARN_DOCUMENTATION_COMMENTS = YES;
				CLANG_WARN_EMPTY_BODY = YES;
				CLANG_WARN_ENUM_CONVERSION = YES;
				CLANG_WARN_INFINITE_RECURSION = YES;
				CLANG_WARN_INT_CONVERSION = YES;
				CLANG_WARN_NON_LITERAL_NULL_CONVERSION = YES;
				CLANG_WARN_OBJC_LITERAL_CONVERSION = YES;
				CLANG_WARN_OBJC_ROOT_CLASS = YES_ERROR;
				CLANG_WARN_RANGE_LOOP_ANALYSIS = YES;
				CLANG_WARN_STRICT_PROTOTYPES = YES;
				CLANG_WARN_SUSPICIOUS_MOVE = YES;
				CLANG_WARN_UNGUARDED_AVAILABILITY = YES_AGGRESSIVE;
				CLANG_WARN_UNREACHABLE_CODE = YES;
				CLANG_WARN__DUPLICATE_METHOD_MATCH = YES;
				CODE_SIGN_IDENTITY = "iPhone Developer";
				COPY_PHASE_STRIP = NO;
				DEBUG_INFORMATION_FORMAT = dwarf;
				ENABLE_STRICT_OBJC_MSGSEND = YES;
				ENABLE_TESTABILITY = YES;
				GCC_C_LANGUAGE_STANDARD = gnu11;
				GCC_DYNAMIC_NO_PIC = NO;
				GCC_NO_COMMON_BLOCKS = YES;
				GCC_OPTIMIZATION_LEVEL = 0;
				GCC_PREPROCESSOR_DEFINITIONS = (
					"DEBUG=1",
					"$(inherited)",
				);
				GCC_WARN_64_TO_32_BIT_CONVERSION = YES;
				GCC_WARN_ABOUT_RETURN_TYPE = YES_ERROR;
				GCC_WARN_UNDECLARED_SELECTOR = YES;
				GCC_WARN_UNINITIALIZED_AUTOS = YES_AGGRESSIVE;
				GCC_WARN_UNUSED_FUNCTION = YES;
				GCC_WARN_UNUSED_VARIABLE = YES;
				IPHONEOS_DEPLOYMENT_TARGET = 11.2;
				MTL_ENABLE_DEBUG_INFO = YES;
				ONLY_ACTIVE_ARCH = YES;
				SDKROOT = iphoneos;
				SWIFT_ACTIVE_COMPILATION_CONDITIONS = DEBUG;
				SWIFT_OPTIMIZATION_LEVEL = "-Onone";
			};
			name = Debug;
		};
		E310230B201C63A30048DB61 /* Release */ = {
			isa = XCBuildConfiguration;
			buildSettings = {
				ALWAYS_SEARCH_USER_PATHS = NO;
				CLANG_ANALYZER_NONNULL = YES;
				CLANG_ANALYZER_NUMBER_OBJECT_CONVERSION = YES_AGGRESSIVE;
				CLANG_CXX_LANGUAGE_STANDARD = "gnu++14";
				CLANG_CXX_LIBRARY = "libc++";
				CLANG_ENABLE_MODULES = YES;
				CLANG_ENABLE_OBJC_ARC = YES;
				CLANG_WARN_BLOCK_CAPTURE_AUTORELEASING = YES;
				CLANG_WARN_BOOL_CONVERSION = YES;
				CLANG_WARN_COMMA = YES;
				CLANG_WARN_CONSTANT_CONVERSION = YES;
				CLANG_WARN_DIRECT_OBJC_ISA_USAGE = YES_ERROR;
				CLANG_WARN_DOCUMENTATION_COMMENTS = YES;
				CLANG_WARN_EMPTY_BODY = YES;
				CLANG_WARN_ENUM_CONVERSION = YES;
				CLANG_WARN_INFINITE_RECURSION = YES;
				CLANG_WARN_INT_CONVERSION = YES;
				CLANG_WARN_NON_LITERAL_NULL_CONVERSION = YES;
				CLANG_WARN_OBJC_LITERAL_CONVERSION = YES;
				CLANG_WARN_OBJC_ROOT_CLASS = YES_ERROR;
				CLANG_WARN_RANGE_LOOP_ANALYSIS = YES;
				CLANG_WARN_STRICT_PROTOTYPES = YES;
				CLANG_WARN_SUSPICIOUS_MOVE = YES;
				CLANG_WARN_UNGUARDED_AVAILABILITY = YES_AGGRESSIVE;
				CLANG_WARN_UNREACHABLE_CODE = YES;
				CLANG_WARN__DUPLICATE_METHOD_MATCH = YES;
				CODE_SIGN_IDENTITY = "iPhone Developer";
				COPY_PHASE_STRIP = NO;
				DEBUG_INFORMATION_FORMAT = "dwarf-with-dsym";
				ENABLE_NS_ASSERTIONS = NO;
				ENABLE_STRICT_OBJC_MSGSEND = YES;
				GCC_C_LANGUAGE_STANDARD = gnu11;
				GCC_NO_COMMON_BLOCKS = YES;
				GCC_WARN_64_TO_32_BIT_CONVERSION = YES;
				GCC_WARN_ABOUT_RETURN_TYPE = YES_ERROR;
				GCC_WARN_UNDECLARED_SELECTOR = YES;
				GCC_WARN_UNINITIALIZED_AUTOS = YES_AGGRESSIVE;
				GCC_WARN_UNUSED_FUNCTION = YES;
				GCC_WARN_UNUSED_VARIABLE = YES;
				IPHONEOS_DEPLOYMENT_TARGET = 11.2;
				MTL_ENABLE_DEBUG_INFO = NO;
				SDKROOT = iphoneos;
				SWIFT_OPTIMIZATION_LEVEL = "-Owholemodule";
				VALIDATE_PRODUCT = YES;
			};
			name = Release;
		};
		E310230D201C63A30048DB61 /* Debug */ = {
			isa = XCBuildConfiguration;
			baseConfigurationReference = A53D39242AB0921A7616661F /* Pods-GreatSpeech.debug.xcconfig */;
			buildSettings = {
				ASSETCATALOG_COMPILER_APPICON_NAME = AppIcon;
				CODE_SIGN_STYLE = Automatic;
				DEVELOPMENT_TEAM = ZX75ER273A;
				INFOPLIST_FILE = "$(SRCROOT)/GreatSpeech/Supporting files/Info.plist";
				LD_RUNPATH_SEARCH_PATHS = "$(inherited) @executable_path/Frameworks";
				PRODUCT_BUNDLE_IDENTIFIER = nslabs.app.GreatSpeech;
				PRODUCT_NAME = "$(TARGET_NAME)";
				SWIFT_VERSION = 4.0;
				TARGETED_DEVICE_FAMILY = "1,2";
			};
			name = Debug;
		};
		E310230E201C63A30048DB61 /* Release */ = {
			isa = XCBuildConfiguration;
			baseConfigurationReference = 6786AE987B6DDF2994659CAE /* Pods-GreatSpeech.release.xcconfig */;
			buildSettings = {
				ASSETCATALOG_COMPILER_APPICON_NAME = AppIcon;
				CODE_SIGN_STYLE = Automatic;
				DEVELOPMENT_TEAM = ZX75ER273A;
				INFOPLIST_FILE = "$(SRCROOT)/GreatSpeech/Supporting files/Info.plist";
				LD_RUNPATH_SEARCH_PATHS = "$(inherited) @executable_path/Frameworks";
				PRODUCT_BUNDLE_IDENTIFIER = nslabs.app.GreatSpeech;
				PRODUCT_NAME = "$(TARGET_NAME)";
				SWIFT_VERSION = 4.0;
				TARGETED_DEVICE_FAMILY = "1,2";
			};
			name = Release;
		};
		E3102310201C63A30048DB61 /* Debug */ = {
			isa = XCBuildConfiguration;
			baseConfigurationReference = 0537E95EE91375D6C912813D /* Pods-GreatSpeechTests.debug.xcconfig */;
			buildSettings = {
				ALWAYS_EMBED_SWIFT_STANDARD_LIBRARIES = YES;
				BUNDLE_LOADER = "$(TEST_HOST)";
				CODE_SIGN_STYLE = Automatic;
				DEVELOPMENT_TEAM = ZX75ER273A;
				INFOPLIST_FILE = GreatSpeechTests/Info.plist;
				LD_RUNPATH_SEARCH_PATHS = "$(inherited) @executable_path/Frameworks @loader_path/Frameworks";
				PRODUCT_BUNDLE_IDENTIFIER = nslabs.app.GreatSpeechTests;
				PRODUCT_NAME = "$(TARGET_NAME)";
				SWIFT_VERSION = 4.0;
				TARGETED_DEVICE_FAMILY = "1,2";
				TEST_HOST = "$(BUILT_PRODUCTS_DIR)/GreatSpeech.app/GreatSpeech";
			};
			name = Debug;
		};
		E3102311201C63A30048DB61 /* Release */ = {
			isa = XCBuildConfiguration;
			baseConfigurationReference = A4B15829924C40BFAD3723F1 /* Pods-GreatSpeechTests.release.xcconfig */;
			buildSettings = {
				ALWAYS_EMBED_SWIFT_STANDARD_LIBRARIES = YES;
				BUNDLE_LOADER = "$(TEST_HOST)";
				CODE_SIGN_STYLE = Automatic;
				DEVELOPMENT_TEAM = ZX75ER273A;
				INFOPLIST_FILE = GreatSpeechTests/Info.plist;
				LD_RUNPATH_SEARCH_PATHS = "$(inherited) @executable_path/Frameworks @loader_path/Frameworks";
				PRODUCT_BUNDLE_IDENTIFIER = nslabs.app.GreatSpeechTests;
				PRODUCT_NAME = "$(TARGET_NAME)";
				SWIFT_VERSION = 4.0;
				TARGETED_DEVICE_FAMILY = "1,2";
				TEST_HOST = "$(BUILT_PRODUCTS_DIR)/GreatSpeech.app/GreatSpeech";
			};
			name = Release;
		};
		E3102313201C63A30048DB61 /* Debug */ = {
			isa = XCBuildConfiguration;
			baseConfigurationReference = A83CBE999CD2B28E0D72A398 /* Pods-GreatSpeechUITests.debug.xcconfig */;
			buildSettings = {
				ALWAYS_EMBED_SWIFT_STANDARD_LIBRARIES = YES;
				CODE_SIGN_STYLE = Automatic;
				DEVELOPMENT_TEAM = ZX75ER273A;
				INFOPLIST_FILE = GreatSpeechUITests/Info.plist;
				LD_RUNPATH_SEARCH_PATHS = "$(inherited) @executable_path/Frameworks @loader_path/Frameworks";
				PRODUCT_BUNDLE_IDENTIFIER = nslabs.app.GreatSpeechUITests;
				PRODUCT_NAME = "$(TARGET_NAME)";
				SWIFT_VERSION = 4.0;
				TARGETED_DEVICE_FAMILY = "1,2";
				TEST_TARGET_NAME = GreatSpeech;
			};
			name = Debug;
		};
		E3102314201C63A30048DB61 /* Release */ = {
			isa = XCBuildConfiguration;
			baseConfigurationReference = D2CEBCE47C2519C5C6ABE699 /* Pods-GreatSpeechUITests.release.xcconfig */;
			buildSettings = {
				ALWAYS_EMBED_SWIFT_STANDARD_LIBRARIES = YES;
				CODE_SIGN_STYLE = Automatic;
				DEVELOPMENT_TEAM = ZX75ER273A;
				INFOPLIST_FILE = GreatSpeechUITests/Info.plist;
				LD_RUNPATH_SEARCH_PATHS = "$(inherited) @executable_path/Frameworks @loader_path/Frameworks";
				PRODUCT_BUNDLE_IDENTIFIER = nslabs.app.GreatSpeechUITests;
				PRODUCT_NAME = "$(TARGET_NAME)";
				SWIFT_VERSION = 4.0;
				TARGETED_DEVICE_FAMILY = "1,2";
				TEST_TARGET_NAME = GreatSpeech;
			};
			name = Release;
		};
/* End XCBuildConfiguration section */

/* Begin XCConfigurationList section */
		E31022DF201C63A30048DB61 /* Build configuration list for PBXProject "GreatSpeech" */ = {
			isa = XCConfigurationList;
			buildConfigurations = (
				E310230A201C63A30048DB61 /* Debug */,
				E310230B201C63A30048DB61 /* Release */,
			);
			defaultConfigurationIsVisible = 0;
			defaultConfigurationName = Release;
		};
		E310230C201C63A30048DB61 /* Build configuration list for PBXNativeTarget "GreatSpeech" */ = {
			isa = XCConfigurationList;
			buildConfigurations = (
				E310230D201C63A30048DB61 /* Debug */,
				E310230E201C63A30048DB61 /* Release */,
			);
			defaultConfigurationIsVisible = 0;
			defaultConfigurationName = Release;
		};
		E310230F201C63A30048DB61 /* Build configuration list for PBXNativeTarget "GreatSpeechTests" */ = {
			isa = XCConfigurationList;
			buildConfigurations = (
				E3102310201C63A30048DB61 /* Debug */,
				E3102311201C63A30048DB61 /* Release */,
			);
			defaultConfigurationIsVisible = 0;
			defaultConfigurationName = Release;
		};
		E3102312201C63A30048DB61 /* Build configuration list for PBXNativeTarget "GreatSpeechUITests" */ = {
			isa = XCConfigurationList;
			buildConfigurations = (
				E3102313201C63A30048DB61 /* Debug */,
				E3102314201C63A30048DB61 /* Release */,
			);
			defaultConfigurationIsVisible = 0;
			defaultConfigurationName = Release;
		};
/* End XCConfigurationList section */
	};
	rootObject = E31022DC201C63A30048DB61 /* Project object */;
}
